PODS:
  - AsyncDisplayKit (1.9.7):
    - AsyncDisplayKit/PINRemoteImage (= 1.9.7)
  - AsyncDisplayKit/ASDealloc2MainObject (1.9.7)
  - AsyncDisplayKit/PINRemoteImage (1.9.7):
    - AsyncDisplayKit/ASDealloc2MainObject
    - PINRemoteImage/iOS (>= 2)
  - DACircularProgress (2.3.1)
  - FLAnimatedImage (1.0.12)
  - Masonry (0.6.4)
  - PINCache (2.2.2)
  - PINRemoteImage (2.1.1):
    - PINRemoteImage/FLAnimatedImage (= 2.1.1)
  - PINRemoteImage/Core (2.1.1):
    - PINCache (>= 2.1)
  - PINRemoteImage/FLAnimatedImage (2.1.1):
    - FLAnimatedImage (>= 1.0)
    - PINRemoteImage/Core
  - PINRemoteImage/iOS (2.1.1):
    - PINRemoteImage/Core
  - pop (1.0.9)
  - SDWebImage (3.7.5):
    - SDWebImage/Core (= 3.7.5)
  - SDWebImage/Core (3.7.5)
  - SVProgressHUD (1.1.3)
  - TFCamera (0.0.4):
    - Masonry
    - pop

DEPENDENCIES:
  - AsyncDisplayKit
  - DACircularProgress
  - PINRemoteImage
  - pop
  - SDWebImage
  - SVProgressHUD
  - TFCamera (from `https://github.com/TimeFaceCoder/TFCamera.git`)

EXTERNAL SOURCES:
  TFCamera:
    :git: https://github.com/TimeFaceCoder/TFCamera.git

CHECKOUT OPTIONS:
  TFCamera:
    :commit: a34e3482546d10baba8a2f08cbcd66070e1a79fe
    :git: https://github.com/TimeFaceCoder/TFCamera.git

SPEC CHECKSUMS:
  AsyncDisplayKit: eb762d3bfd3896b2901909ebc24b54c97f32d43c
  DACircularProgress: 4dd437c0fc3da5161cb289e07ac449493d41db71
  FLAnimatedImage: 4a0b56255d9b05f18b6dd7ee06871be5d3b89e31
  Masonry: 281802d04d787ea2973179ee8bcb50500579ede2
  PINCache: 078426d356ab95ef875e9e62e5c35a2ea3333c28
  PINRemoteImage: 0c620b392a2a41a0a14f143107bbb0596f73dd23
  pop: f667631a5108a2e60d9e8797c9b32ddaf2080bce
  SDWebImage: 69c6303e3348fba97e03f65d65d4fbc26740f461
  SVProgressHUD: 748080e4f36e603f6c02aec292664239df5279c1
  TFCamera: e2db7e6d153a05f4afc43434336952a2d0f0fbb1

COCOAPODS: 0.39.0
