// !$*UTF8*$!
{
	archiveVersion = 1;
	classes = {
	};
	objectVersion = 46;
	objects = {

/* Begin PBXBuildFile section */
		3E878B731EF0CF8300C9C57C /* TFImageCropViewController.m in Sources */ = {isa = PBXBuildFile; fileRef = 3E878B701EF0CF8300C9C57C /* TFImageCropViewController.m */; };
		6502B2B51D8846C3000EC298 /* RMDisplayLabel.m in Sources */ = {isa = PBXBuildFile; fileRef = 6502B2B21D8846C3000EC298 /* RMDisplayLabel.m */; };
		6502B2B61D8846C3000EC298 /* RMDownloadIndicator.m in Sources */ = {isa = PBXBuildFile; fileRef = 6502B2B41D8846C3000EC298 /* RMDownloadIndicator.m */; };
		6CFD503A1CA52453003586D5 /* TFPhotoTagView.m in Sources */ = {isa = PBXBuildFile; fileRef = 6CFD50391CA52453003586D5 /* TFPhotoTagView.m */; };
		8C41AF58734CA1B0158BE728 /* libPods-TFPhotoBrowser.a in Frameworks */ = {isa = PBXBuildFile; fileRef = 94C26468935C4A9A47088DA7 /* libPods-TFPhotoBrowser.a */; };
		B0207ACA1C3BABEC0055D0F3 /* TFiCloudDownloadHelper.m in Sources */ = {isa = PBXBuildFile; fileRef = B0207AC91C3BABEC0055D0F3 /* TFiCloudDownloadHelper.m */; };
		B02CE3161C22D2C7005D6E62 /* Photos.framework in Frameworks */ = {isa = PBXBuildFile; fileRef = B02CE3151C22D2C7005D6E62 /* Photos.framework */; settings = {ATTRIBUTES = (Weak, ); }; };
		B02CE3191C22D443005D6E62 /* TFLibraryViewLayout.m in Sources */ = {isa = PBXBuildFile; fileRef = B02CE3181C22D443005D6E62 /* TFLibraryViewLayout.m */; };
		B02CE31C1C22D4C4005D6E62 /* NSIndexSet+TFLibrary.m in Sources */ = {isa = PBXBuildFile; fileRef = B02CE31B1C22D4C4005D6E62 /* NSIndexSet+TFLibrary.m */; };
		B02CE31F1C22D51E005D6E62 /* TFLibraryCollectionViewCell.m in Sources */ = {isa = PBXBuildFile; fileRef = B02CE31E1C22D51E005D6E62 /* TFLibraryCollectionViewCell.m */; };
		B02CE3211C22D581005D6E62 /* PhotosUI.framework in Frameworks */ = {isa = PBXBuildFile; fileRef = B02CE3201C22D581005D6E62 /* PhotosUI.framework */; settings = {ATTRIBUTES = (Weak, ); }; };
		B02CE3241C22D5B0005D6E62 /* UICollectionView+TFLibrary.m in Sources */ = {isa = PBXBuildFile; fileRef = B02CE3231C22D5B0005D6E62 /* UICollectionView+TFLibrary.m */; };
		B0420DB11B953376002CAF13 /* TFTapDetectingView.m in Sources */ = {isa = PBXBuildFile; fileRef = B0420DB01B953376002CAF13 /* TFTapDetectingView.m */; };
		B0420DB71B953FE2002CAF13 /* TFZoomingScrollView.m in Sources */ = {isa = PBXBuildFile; fileRef = B0420DB61B953FE2002CAF13 /* TFZoomingScrollView.m */; };
		B04C0B4A1BF5B8140012B7D8 /* UIImage+TFPhotoBrowser.m in Sources */ = {isa = PBXBuildFile; fileRef = B04C0B491BF5B8140012B7D8 /* UIImage+TFPhotoBrowser.m */; };
		B04C0B5D1BF5D3080012B7D8 /* photo1.jpg in Resources */ = {isa = PBXBuildFile; fileRef = B04C0B4D1BF5D3080012B7D8 /* photo1.jpg */; };
		B04C0B5E1BF5D3080012B7D8 /* photo1t.jpg in Resources */ = {isa = PBXBuildFile; fileRef = B04C0B4E1BF5D3080012B7D8 /* photo1t.jpg */; };
		B04C0B5F1BF5D3080012B7D8 /* photo2.jpg in Resources */ = {isa = PBXBuildFile; fileRef = B04C0B4F1BF5D3080012B7D8 /* photo2.jpg */; };
		B04C0B601BF5D3080012B7D8 /* photo2t.jpg in Resources */ = {isa = PBXBuildFile; fileRef = B04C0B501BF5D3080012B7D8 /* photo2t.jpg */; };
		B04C0B611BF5D3080012B7D8 /* photo3.jpg in Resources */ = {isa = PBXBuildFile; fileRef = B04C0B511BF5D3080012B7D8 /* photo3.jpg */; };
		B04C0B621BF5D3080012B7D8 /* photo3t.jpg in Resources */ = {isa = PBXBuildFile; fileRef = B04C0B521BF5D3080012B7D8 /* photo3t.jpg */; };
		B04C0B631BF5D3080012B7D8 /* photo4.jpg in Resources */ = {isa = PBXBuildFile; fileRef = B04C0B531BF5D3080012B7D8 /* photo4.jpg */; };
		B04C0B641BF5D3080012B7D8 /* photo4t.jpg in Resources */ = {isa = PBXBuildFile; fileRef = B04C0B541BF5D3080012B7D8 /* photo4t.jpg */; };
		B04C0B651BF5D3080012B7D8 /* photo5.jpg in Resources */ = {isa = PBXBuildFile; fileRef = B04C0B551BF5D3080012B7D8 /* photo5.jpg */; };
		B04C0B661BF5D3080012B7D8 /* photo5t.jpg in Resources */ = {isa = PBXBuildFile; fileRef = B04C0B561BF5D3080012B7D8 /* photo5t.jpg */; };
		B04C0B671BF5D3080012B7D8 /* photo6.jpg in Resources */ = {isa = PBXBuildFile; fileRef = B04C0B571BF5D3080012B7D8 /* photo6.jpg */; };
		B04C0B681BF5D3080012B7D8 /* photo6t.jpg in Resources */ = {isa = PBXBuildFile; fileRef = B04C0B581BF5D3080012B7D8 /* photo6t.jpg */; };
		B04C0B691BF5D3080012B7D8 /* photo7.jpg in Resources */ = {isa = PBXBuildFile; fileRef = B04C0B591BF5D3080012B7D8 /* photo7.jpg */; };
		B04C0B6A1BF5D3080012B7D8 /* photo7t.jpg in Resources */ = {isa = PBXBuildFile; fileRef = B04C0B5A1BF5D3080012B7D8 /* photo7t.jpg */; };
		B04C0B6B1BF5D3080012B7D8 /* photo8.jpg in Resources */ = {isa = PBXBuildFile; fileRef = B04C0B5B1BF5D3080012B7D8 /* photo8.jpg */; };
		B04C0B6C1BF5D3080012B7D8 /* photo8t.jpg in Resources */ = {isa = PBXBuildFile; fileRef = B04C0B5C1BF5D3080012B7D8 /* photo8t.jpg */; };
		B0689C231BF6DF6600C46CCA /* TFPhotoToolBar.m in Sources */ = {isa = PBXBuildFile; fileRef = B0689C221BF6DF6600C46CCA /* TFPhotoToolBar.m */; };
		B0689C281BF7081A00C46CCA /* UIScrollView+ScrollIndicator.m in Sources */ = {isa = PBXBuildFile; fileRef = B0689C271BF7081A00C46CCA /* UIScrollView+ScrollIndicator.m */; };
		B06A14501B9039810022BCE5 /* main.m in Sources */ = {isa = PBXBuildFile; fileRef = B06A144F1B9039810022BCE5 /* main.m */; };
		B06A14531B9039810022BCE5 /* AppDelegate.m in Sources */ = {isa = PBXBuildFile; fileRef = B06A14521B9039810022BCE5 /* AppDelegate.m */; };
		B06A145E1B9039810022BCE5 /* ViewController.m in Sources */ = {isa = PBXBuildFile; fileRef = B06A145D1B9039810022BCE5 /* ViewController.m */; };
		B06A14611B9039810022BCE5 /* Main.storyboard in Resources */ = {isa = PBXBuildFile; fileRef = B06A145F1B9039810022BCE5 /* Main.storyboard */; };
		B06A14631B9039810022BCE5 /* Assets.xcassets in Resources */ = {isa = PBXBuildFile; fileRef = B06A14621B9039810022BCE5 /* Assets.xcassets */; };
		B06A14661B9039810022BCE5 /* LaunchScreen.storyboard in Resources */ = {isa = PBXBuildFile; fileRef = B06A14641B9039810022BCE5 /* LaunchScreen.storyboard */; };
		B06A14711B9039810022BCE5 /* TFPhotoBrowserTests.m in Sources */ = {isa = PBXBuildFile; fileRef = B06A14701B9039810022BCE5 /* TFPhotoBrowserTests.m */; };
		B06A147C1B9039810022BCE5 /* TFPhotoBrowserUITests.m in Sources */ = {isa = PBXBuildFile; fileRef = B06A147B1B9039810022BCE5 /* TFPhotoBrowserUITests.m */; };
		B06A14901B903BA60022BCE5 /* TFPhotoBrowser.m in Sources */ = {isa = PBXBuildFile; fileRef = B06A148F1B903BA60022BCE5 /* TFPhotoBrowser.m */; };
		B06A14951B904B080022BCE5 /* TFPhoto.m in Sources */ = {isa = PBXBuildFile; fileRef = B06A14941B904B080022BCE5 /* TFPhoto.m */; };
		B06A14991B904F850022BCE5 /* TFTapDetectingImageView.m in Sources */ = {isa = PBXBuildFile; fileRef = B06A14981B904F850022BCE5 /* TFTapDetectingImageView.m */; };
		B08D61BC1C224CBC00335903 /* TFAsset.m in Sources */ = {isa = PBXBuildFile; fileRef = B08D61BB1C224CBC00335903 /* TFAsset.m */; };
		B08EDBF51BFC2ADB00DE1688 /* photo9.jpg in Resources */ = {isa = PBXBuildFile; fileRef = B08EDBF31BFC2ADB00DE1688 /* photo9.jpg */; };
		B08EDBF61BFC2ADB00DE1688 /* photo9t.jpg in Resources */ = {isa = PBXBuildFile; fileRef = B08EDBF41BFC2ADB00DE1688 /* photo9t.jpg */; };
		B093BCF41BFB44F900754A2D /* CoreMotion.framework in Frameworks */ = {isa = PBXBuildFile; fileRef = B093BCF31BFB44F900754A2D /* CoreMotion.framework */; settings = {ATTRIBUTES = (Required, ); }; };
		B093BCF71BFC1C2D00754A2D /* TFPhotoCaptionView.m in Sources */ = {isa = PBXBuildFile; fileRef = B093BCF61BFC1C2D00754A2D /* TFPhotoCaptionView.m */; };
		B09C3C491C2015C9009C6CF0 /* TFLibraryViewController.m in Sources */ = {isa = PBXBuildFile; fileRef = B09C3C481C2015C9009C6CF0 /* TFLibraryViewController.m */; };
		B0B30AF51C3A43E8000AA90B /* TFLibraryCollectionOverlayView.m in Sources */ = {isa = PBXBuildFile; fileRef = B0B30AF41C3A43E8000AA90B /* TFLibraryCollectionOverlayView.m */; };
		B0B30AFA1C3A551C000AA90B /* ALAssetRepresentation+TFMD5.m in Sources */ = {isa = PBXBuildFile; fileRef = B0B30AF91C3A551C000AA90B /* ALAssetRepresentation+TFMD5.m */; };
		B0B30AFD1C3A68E7000AA90B /* TFCollectionOverlayProgressView.m in Sources */ = {isa = PBXBuildFile; fileRef = B0B30AFC1C3A68E7000AA90B /* TFCollectionOverlayProgressView.m */; };
		B0D8F83D1C730267000778EE /* TFCollectionsTitleButton.m in Sources */ = {isa = PBXBuildFile; fileRef = B0D8F83C1C730267000778EE /* TFCollectionsTitleButton.m */; };
		B0D8F8411C7306EC000778EE /* NSDate+TFFormattedDay.m in Sources */ = {isa = PBXBuildFile; fileRef = B0D8F8401C7306EC000778EE /* NSDate+TFFormattedDay.m */; };
		B0D8F8441C730733000778EE /* PHCollection+TFThumbnail.m in Sources */ = {isa = PBXBuildFile; fileRef = B0D8F8431C730733000778EE /* PHCollection+TFThumbnail.m */; };
		B0D8F8471C730809000778EE /* UIImage+TFAspectDraw.m in Sources */ = {isa = PBXBuildFile; fileRef = B0D8F8461C730809000778EE /* UIImage+TFAspectDraw.m */; };
		B0D8F84A1C73083B000778EE /* PHPhotoLibrary+TFBlockObservers.m in Sources */ = {isa = PBXBuildFile; fileRef = B0D8F8491C73083B000778EE /* PHPhotoLibrary+TFBlockObservers.m */; };
		B0D8F84D1C7308E5000778EE /* PHImageManager+TFRequestImages.m in Sources */ = {isa = PBXBuildFile; fileRef = B0D8F84C1C7308E5000778EE /* PHImageManager+TFRequestImages.m */; };
		B0D8F8511C730C54000778EE /* TFAssetImageView.m in Sources */ = {isa = PBXBuildFile; fileRef = B0D8F8501C730C54000778EE /* TFAssetImageView.m */; };
		B0D8F8541C730CD5000778EE /* TFPhotoBrowserBundle.m in Sources */ = {isa = PBXBuildFile; fileRef = B0D8F8531C730CD5000778EE /* TFPhotoBrowserBundle.m */; };
		B0D8F8571C730E36000778EE /* TFAssetCell.m in Sources */ = {isa = PBXBuildFile; fileRef = B0D8F8561C730E36000778EE /* TFAssetCell.m */; };
		B0D8F85A1C7310C2000778EE /* TFCollectionCell.m in Sources */ = {isa = PBXBuildFile; fileRef = B0D8F8591C7310C2000778EE /* TFCollectionCell.m */; };
		B0D8F8601C731338000778EE /* TFMomentHeaderView.m in Sources */ = {isa = PBXBuildFile; fileRef = B0D8F85F1C731338000778EE /* TFMomentHeaderView.m */; };
		B0D8F8631C731390000778EE /* TFImageZoomView.m in Sources */ = {isa = PBXBuildFile; fileRef = B0D8F8621C731390000778EE /* TFImageZoomView.m */; };
		B0D8F8661C7313F4000778EE /* TFCollectionViewFloatingHeaderFlowLayout.m in Sources */ = {isa = PBXBuildFile; fileRef = B0D8F8651C7313F4000778EE /* TFCollectionViewFloatingHeaderFlowLayout.m */; };
		B0D8F86C1C7314FF000778EE /* TFCollectionPickerController.m in Sources */ = {isa = PBXBuildFile; fileRef = B0D8F86B1C7314FF000778EE /* TFCollectionPickerController.m */; };
		B0D8F86F1C731645000778EE /* TFImagePickerController.m in Sources */ = {isa = PBXBuildFile; fileRef = B0D8F86E1C731645000778EE /* TFImagePickerController.m */; };
		B0D8F8721C73FCA8000778EE /* PHAsset+TFExpand.m in Sources */ = {isa = PBXBuildFile; fileRef = B0D8F8711C73FCA8000778EE /* PHAsset+TFExpand.m */; };
		B0F80A271C3B5D05000DD3FE /* TFLibraryCameraCollectionViewCell.m in Sources */ = {isa = PBXBuildFile; fileRef = B0F80A261C3B5D05000DD3FE /* TFLibraryCameraCollectionViewCell.m */; };
		C4C5C6631CEEBBED00B94AD9 /* TFLibraryResource.bundle in Resources */ = {isa = PBXBuildFile; fileRef = C4C5C6611CEEBBED00B94AD9 /* TFLibraryResource.bundle */; };
		C4C5C6641CEEBBED00B94AD9 /* TFPhotoBrowserLocalizations.bundle in Resources */ = {isa = PBXBuildFile; fileRef = C4C5C6621CEEBBED00B94AD9 /* TFPhotoBrowserLocalizations.bundle */; };
/* End PBXBuildFile section */

/* Begin PBXContainerItemProxy section */
		B06A146D1B9039810022BCE5 /* PBXContainerItemProxy */ = {
			isa = PBXContainerItemProxy;
			containerPortal = B06A14431B9039810022BCE5 /* Project object */;
			proxyType = 1;
			remoteGlobalIDString = B06A144A1B9039810022BCE5;
			remoteInfo = TFPhotoBrowser;
		};
		B06A14781B9039810022BCE5 /* PBXContainerItemProxy */ = {
			isa = PBXContainerItemProxy;
			containerPortal = B06A14431B9039810022BCE5 /* Project object */;
			proxyType = 1;
			remoteGlobalIDString = B06A144A1B9039810022BCE5;
			remoteInfo = TFPhotoBrowser;
		};
/* End PBXContainerItemProxy section */

/* Begin PBXFileReference section */
		3E878B6F1EF0CF8300C9C57C /* TFImageCropViewController.h */ = {isa = PBXFileReference; fileEncoding = 4; lastKnownFileType = sourcecode.c.h; path = TFImageCropViewController.h; sourceTree = "<group>"; };
		3E878B701EF0CF8300C9C57C /* TFImageCropViewController.m */ = {isa = PBXFileReference; fileEncoding = 4; lastKnownFileType = sourcecode.c.objc; path = TFImageCropViewController.m; sourceTree = "<group>"; };
		6502B2B11D8846C3000EC298 /* RMDisplayLabel.h */ = {isa = PBXFileReference; fileEncoding = 4; lastKnownFileType = sourcecode.c.h; path = RMDisplayLabel.h; sourceTree = "<group>"; };
		6502B2B21D8846C3000EC298 /* RMDisplayLabel.m */ = {isa = PBXFileReference; fileEncoding = 4; lastKnownFileType = sourcecode.c.objc; path = RMDisplayLabel.m; sourceTree = "<group>"; };
		6502B2B31D8846C3000EC298 /* RMDownloadIndicator.h */ = {isa = PBXFileReference; fileEncoding = 4; lastKnownFileType = sourcecode.c.h; path = RMDownloadIndicator.h; sourceTree = "<group>"; };
		6502B2B41D8846C3000EC298 /* RMDownloadIndicator.m */ = {isa = PBXFileReference; fileEncoding = 4; lastKnownFileType = sourcecode.c.objc; path = RMDownloadIndicator.m; sourceTree = "<group>"; };
		6CF2BD531C6193C4009AF2C1 /* TFImageCropViewController.h */ = {isa = PBXFileReference; fileEncoding = 4; lastKnownFileType = sourcecode.c.h; path = TFImageCropViewController.h; sourceTree = "<group>"; };
		6CF2BD541C6193C4009AF2C1 /* TFImageCropViewController.m */ = {isa = PBXFileReference; fileEncoding = 4; lastKnownFileType = sourcecode.c.objc; path = TFImageCropViewController.m; sourceTree = "<group>"; };
		6CF2BD551C6193C4009AF2C1 /* TFImageEditorFrameView.h */ = {isa = PBXFileReference; fileEncoding = 4; lastKnownFileType = sourcecode.c.h; path = TFImageEditorFrameView.h; sourceTree = "<group>"; };
		6CF2BD561C6193C4009AF2C1 /* TFImageEditorFrameView.m */ = {isa = PBXFileReference; fileEncoding = 4; lastKnownFileType = sourcecode.c.objc; path = TFImageEditorFrameView.m; sourceTree = "<group>"; };
		6CFD50381CA52453003586D5 /* TFPhotoTagView.h */ = {isa = PBXFileReference; fileEncoding = 4; lastKnownFileType = sourcecode.c.h; path = TFPhotoTagView.h; sourceTree = "<group>"; };
		6CFD50391CA52453003586D5 /* TFPhotoTagView.m */ = {isa = PBXFileReference; fileEncoding = 4; lastKnownFileType = sourcecode.c.objc; path = TFPhotoTagView.m; sourceTree = "<group>"; };
		859CC35BD75B1F91BC8BC98B /* Pods-TFPhotoBrowser.debug.xcconfig */ = {isa = PBXFileReference; includeInIndex = 1; lastKnownFileType = text.xcconfig; name = "Pods-TFPhotoBrowser.debug.xcconfig"; path = "Pods/Target Support Files/Pods-TFPhotoBrowser/Pods-TFPhotoBrowser.debug.xcconfig"; sourceTree = "<group>"; };
		91A1E7DF8DF7A22129E3895A /* Pods-TFPhotoBrowser.release.xcconfig */ = {isa = PBXFileReference; includeInIndex = 1; lastKnownFileType = text.xcconfig; name = "Pods-TFPhotoBrowser.release.xcconfig"; path = "Pods/Target Support Files/Pods-TFPhotoBrowser/Pods-TFPhotoBrowser.release.xcconfig"; sourceTree = "<group>"; };
		94C26468935C4A9A47088DA7 /* libPods-TFPhotoBrowser.a */ = {isa = PBXFileReference; explicitFileType = archive.ar; includeInIndex = 0; path = "libPods-TFPhotoBrowser.a"; sourceTree = BUILT_PRODUCTS_DIR; };
		95A751D15D36FFE6F877EDD4 /* Pods.release.xcconfig */ = {isa = PBXFileReference; includeInIndex = 1; lastKnownFileType = text.xcconfig; name = Pods.release.xcconfig; path = "Pods/Target Support Files/Pods/Pods.release.xcconfig"; sourceTree = "<group>"; };
		B0207AC81C3BABEC0055D0F3 /* TFiCloudDownloadHelper.h */ = {isa = PBXFileReference; fileEncoding = 4; lastKnownFileType = sourcecode.c.h; path = TFiCloudDownloadHelper.h; sourceTree = "<group>"; };
		B0207AC91C3BABEC0055D0F3 /* TFiCloudDownloadHelper.m */ = {isa = PBXFileReference; fileEncoding = 4; lastKnownFileType = sourcecode.c.objc; path = TFiCloudDownloadHelper.m; sourceTree = "<group>"; };
		B02CE3151C22D2C7005D6E62 /* Photos.framework */ = {isa = PBXFileReference; lastKnownFileType = wrapper.framework; name = Photos.framework; path = System/Library/Frameworks/Photos.framework; sourceTree = SDKROOT; };
		B02CE3171C22D443005D6E62 /* TFLibraryViewLayout.h */ = {isa = PBXFileReference; fileEncoding = 4; lastKnownFileType = sourcecode.c.h; path = TFLibraryViewLayout.h; sourceTree = "<group>"; };
		B02CE3181C22D443005D6E62 /* TFLibraryViewLayout.m */ = {isa = PBXFileReference; fileEncoding = 4; lastKnownFileType = sourcecode.c.objc; path = TFLibraryViewLayout.m; sourceTree = "<group>"; };
		B02CE31A1C22D4C4005D6E62 /* NSIndexSet+TFLibrary.h */ = {isa = PBXFileReference; fileEncoding = 4; lastKnownFileType = sourcecode.c.h; path = "NSIndexSet+TFLibrary.h"; sourceTree = "<group>"; };
		B02CE31B1C22D4C4005D6E62 /* NSIndexSet+TFLibrary.m */ = {isa = PBXFileReference; fileEncoding = 4; lastKnownFileType = sourcecode.c.objc; path = "NSIndexSet+TFLibrary.m"; sourceTree = "<group>"; };
		B02CE31D1C22D51E005D6E62 /* TFLibraryCollectionViewCell.h */ = {isa = PBXFileReference; fileEncoding = 4; lastKnownFileType = sourcecode.c.h; path = TFLibraryCollectionViewCell.h; sourceTree = "<group>"; };
		B02CE31E1C22D51E005D6E62 /* TFLibraryCollectionViewCell.m */ = {isa = PBXFileReference; fileEncoding = 4; lastKnownFileType = sourcecode.c.objc; path = TFLibraryCollectionViewCell.m; sourceTree = "<group>"; };
		B02CE3201C22D581005D6E62 /* PhotosUI.framework */ = {isa = PBXFileReference; lastKnownFileType = wrapper.framework; name = PhotosUI.framework; path = System/Library/Frameworks/PhotosUI.framework; sourceTree = SDKROOT; };
		B02CE3221C22D5B0005D6E62 /* UICollectionView+TFLibrary.h */ = {isa = PBXFileReference; fileEncoding = 4; lastKnownFileType = sourcecode.c.h; path = "UICollectionView+TFLibrary.h"; sourceTree = "<group>"; };
		B02CE3231C22D5B0005D6E62 /* UICollectionView+TFLibrary.m */ = {isa = PBXFileReference; fileEncoding = 4; lastKnownFileType = sourcecode.c.objc; path = "UICollectionView+TFLibrary.m"; sourceTree = "<group>"; };
		B0420DAF1B953376002CAF13 /* TFTapDetectingView.h */ = {isa = PBXFileReference; fileEncoding = 4; lastKnownFileType = sourcecode.c.h; path = TFTapDetectingView.h; sourceTree = "<group>"; };
		B0420DB01B953376002CAF13 /* TFTapDetectingView.m */ = {isa = PBXFileReference; fileEncoding = 4; lastKnownFileType = sourcecode.c.objc; path = TFTapDetectingView.m; sourceTree = "<group>"; };
		B0420DB51B953FE2002CAF13 /* TFZoomingScrollView.h */ = {isa = PBXFileReference; fileEncoding = 4; lastKnownFileType = sourcecode.c.h; path = TFZoomingScrollView.h; sourceTree = "<group>"; };
		B0420DB61B953FE2002CAF13 /* TFZoomingScrollView.m */ = {isa = PBXFileReference; fileEncoding = 4; lastKnownFileType = sourcecode.c.objc; path = TFZoomingScrollView.m; sourceTree = "<group>"; };
		B04C0B481BF5B8140012B7D8 /* UIImage+TFPhotoBrowser.h */ = {isa = PBXFileReference; fileEncoding = 4; lastKnownFileType = sourcecode.c.h; path = "UIImage+TFPhotoBrowser.h"; sourceTree = "<group>"; };
		B04C0B491BF5B8140012B7D8 /* UIImage+TFPhotoBrowser.m */ = {isa = PBXFileReference; fileEncoding = 4; lastKnownFileType = sourcecode.c.objc; path = "UIImage+TFPhotoBrowser.m"; sourceTree = "<group>"; };
		B04C0B4B1BF5C05F0012B7D8 /* TFPhotoBrowserPrivate.h */ = {isa = PBXFileReference; fileEncoding = 4; lastKnownFileType = sourcecode.c.h; path = TFPhotoBrowserPrivate.h; sourceTree = "<group>"; };
		B04C0B4D1BF5D3080012B7D8 /* photo1.jpg */ = {isa = PBXFileReference; lastKnownFileType = image.jpeg; path = photo1.jpg; sourceTree = "<group>"; };
		B04C0B4E1BF5D3080012B7D8 /* photo1t.jpg */ = {isa = PBXFileReference; lastKnownFileType = image.jpeg; path = photo1t.jpg; sourceTree = "<group>"; };
		B04C0B4F1BF5D3080012B7D8 /* photo2.jpg */ = {isa = PBXFileReference; lastKnownFileType = image.jpeg; path = photo2.jpg; sourceTree = "<group>"; };
		B04C0B501BF5D3080012B7D8 /* photo2t.jpg */ = {isa = PBXFileReference; lastKnownFileType = image.jpeg; path = photo2t.jpg; sourceTree = "<group>"; };
		B04C0B511BF5D3080012B7D8 /* photo3.jpg */ = {isa = PBXFileReference; lastKnownFileType = image.jpeg; path = photo3.jpg; sourceTree = "<group>"; };
		B04C0B521BF5D3080012B7D8 /* photo3t.jpg */ = {isa = PBXFileReference; lastKnownFileType = image.jpeg; path = photo3t.jpg; sourceTree = "<group>"; };
		B04C0B531BF5D3080012B7D8 /* photo4.jpg */ = {isa = PBXFileReference; lastKnownFileType = image.jpeg; path = photo4.jpg; sourceTree = "<group>"; };
		B04C0B541BF5D3080012B7D8 /* photo4t.jpg */ = {isa = PBXFileReference; lastKnownFileType = image.jpeg; path = photo4t.jpg; sourceTree = "<group>"; };
		B04C0B551BF5D3080012B7D8 /* photo5.jpg */ = {isa = PBXFileReference; lastKnownFileType = image.jpeg; path = photo5.jpg; sourceTree = "<group>"; };
		B04C0B561BF5D3080012B7D8 /* photo5t.jpg */ = {isa = PBXFileReference; lastKnownFileType = image.jpeg; path = photo5t.jpg; sourceTree = "<group>"; };
		B04C0B571BF5D3080012B7D8 /* photo6.jpg */ = {isa = PBXFileReference; lastKnownFileType = image.jpeg; path = photo6.jpg; sourceTree = "<group>"; };
		B04C0B581BF5D3080012B7D8 /* photo6t.jpg */ = {isa = PBXFileReference; lastKnownFileType = image.jpeg; path = photo6t.jpg; sourceTree = "<group>"; };
		B04C0B591BF5D3080012B7D8 /* photo7.jpg */ = {isa = PBXFileReference; lastKnownFileType = image.jpeg; path = photo7.jpg; sourceTree = "<group>"; };
		B04C0B5A1BF5D3080012B7D8 /* photo7t.jpg */ = {isa = PBXFileReference; lastKnownFileType = image.jpeg; path = photo7t.jpg; sourceTree = "<group>"; };
		B04C0B5B1BF5D3080012B7D8 /* photo8.jpg */ = {isa = PBXFileReference; lastKnownFileType = image.jpeg; path = photo8.jpg; sourceTree = "<group>"; };
		B04C0B5C1BF5D3080012B7D8 /* photo8t.jpg */ = {isa = PBXFileReference; lastKnownFileType = image.jpeg; path = photo8t.jpg; sourceTree = "<group>"; };
		B0689C211BF6DF6600C46CCA /* TFPhotoToolBar.h */ = {isa = PBXFileReference; fileEncoding = 4; lastKnownFileType = sourcecode.c.h; path = TFPhotoToolBar.h; sourceTree = "<group>"; };
		B0689C221BF6DF6600C46CCA /* TFPhotoToolBar.m */ = {isa = PBXFileReference; fileEncoding = 4; lastKnownFileType = sourcecode.c.objc; path = TFPhotoToolBar.m; sourceTree = "<group>"; };
		B0689C261BF7081A00C46CCA /* UIScrollView+ScrollIndicator.h */ = {isa = PBXFileReference; fileEncoding = 4; lastKnownFileType = sourcecode.c.h; path = "UIScrollView+ScrollIndicator.h"; sourceTree = "<group>"; };
		B0689C271BF7081A00C46CCA /* UIScrollView+ScrollIndicator.m */ = {isa = PBXFileReference; fileEncoding = 4; lastKnownFileType = sourcecode.c.objc; path = "UIScrollView+ScrollIndicator.m"; sourceTree = "<group>"; };
		B06A144B1B9039810022BCE5 /* TFPhotoBrowser.app */ = {isa = PBXFileReference; explicitFileType = wrapper.application; includeInIndex = 0; path = TFPhotoBrowser.app; sourceTree = BUILT_PRODUCTS_DIR; };
		B06A144F1B9039810022BCE5 /* main.m */ = {isa = PBXFileReference; lastKnownFileType = sourcecode.c.objc; path = main.m; sourceTree = "<group>"; };
		B06A14511B9039810022BCE5 /* AppDelegate.h */ = {isa = PBXFileReference; lastKnownFileType = sourcecode.c.h; path = AppDelegate.h; sourceTree = "<group>"; };
		B06A14521B9039810022BCE5 /* AppDelegate.m */ = {isa = PBXFileReference; lastKnownFileType = sourcecode.c.objc; path = AppDelegate.m; sourceTree = "<group>"; };
		B06A145C1B9039810022BCE5 /* ViewController.h */ = {isa = PBXFileReference; lastKnownFileType = sourcecode.c.h; path = ViewController.h; sourceTree = "<group>"; };
		B06A145D1B9039810022BCE5 /* ViewController.m */ = {isa = PBXFileReference; lastKnownFileType = sourcecode.c.objc; path = ViewController.m; sourceTree = "<group>"; };
		B06A14601B9039810022BCE5 /* Base */ = {isa = PBXFileReference; lastKnownFileType = file.storyboard; name = Base; path = Base.lproj/Main.storyboard; sourceTree = "<group>"; };
		B06A14621B9039810022BCE5 /* Assets.xcassets */ = {isa = PBXFileReference; lastKnownFileType = folder.assetcatalog; path = Assets.xcassets; sourceTree = "<group>"; };
		B06A14651B9039810022BCE5 /* Base */ = {isa = PBXFileReference; lastKnownFileType = file.storyboard; name = Base; path = Base.lproj/LaunchScreen.storyboard; sourceTree = "<group>"; };
		B06A14671B9039810022BCE5 /* Info.plist */ = {isa = PBXFileReference; lastKnownFileType = text.plist.xml; path = Info.plist; sourceTree = "<group>"; };
		B06A146C1B9039810022BCE5 /* TFPhotoBrowserTests.xctest */ = {isa = PBXFileReference; explicitFileType = wrapper.cfbundle; includeInIndex = 0; path = TFPhotoBrowserTests.xctest; sourceTree = BUILT_PRODUCTS_DIR; };
		B06A14701B9039810022BCE5 /* TFPhotoBrowserTests.m */ = {isa = PBXFileReference; lastKnownFileType = sourcecode.c.objc; path = TFPhotoBrowserTests.m; sourceTree = "<group>"; };
		B06A14721B9039810022BCE5 /* Info.plist */ = {isa = PBXFileReference; lastKnownFileType = text.plist.xml; path = Info.plist; sourceTree = "<group>"; };
		B06A14771B9039810022BCE5 /* TFPhotoBrowserUITests.xctest */ = {isa = PBXFileReference; explicitFileType = wrapper.cfbundle; includeInIndex = 0; path = TFPhotoBrowserUITests.xctest; sourceTree = BUILT_PRODUCTS_DIR; };
		B06A147B1B9039810022BCE5 /* TFPhotoBrowserUITests.m */ = {isa = PBXFileReference; lastKnownFileType = sourcecode.c.objc; path = TFPhotoBrowserUITests.m; sourceTree = "<group>"; };
		B06A147D1B9039810022BCE5 /* Info.plist */ = {isa = PBXFileReference; lastKnownFileType = text.plist.xml; path = Info.plist; sourceTree = "<group>"; };
		B06A148E1B903BA60022BCE5 /* TFPhotoBrowser.h */ = {isa = PBXFileReference; fileEncoding = 4; lastKnownFileType = sourcecode.c.h; path = TFPhotoBrowser.h; sourceTree = "<group>"; };
		B06A148F1B903BA60022BCE5 /* TFPhotoBrowser.m */ = {isa = PBXFileReference; fileEncoding = 4; lastKnownFileType = sourcecode.c.objc; path = TFPhotoBrowser.m; sourceTree = "<group>"; };
		B06A14921B904AEE0022BCE5 /* TFPhotoBrowserConstants.h */ = {isa = PBXFileReference; fileEncoding = 4; lastKnownFileType = sourcecode.c.h; path = TFPhotoBrowserConstants.h; sourceTree = "<group>"; };
		B06A14931B904B080022BCE5 /* TFPhoto.h */ = {isa = PBXFileReference; fileEncoding = 4; lastKnownFileType = sourcecode.c.h; path = TFPhoto.h; sourceTree = "<group>"; };
		B06A14941B904B080022BCE5 /* TFPhoto.m */ = {isa = PBXFileReference; fileEncoding = 4; lastKnownFileType = sourcecode.c.objc; path = TFPhoto.m; sourceTree = "<group>"; };
		B06A14961B904B350022BCE5 /* TFPhotoProtocol.h */ = {isa = PBXFileReference; fileEncoding = 4; lastKnownFileType = sourcecode.c.h; path = TFPhotoProtocol.h; sourceTree = "<group>"; };
		B06A14971B904F850022BCE5 /* TFTapDetectingImageView.h */ = {isa = PBXFileReference; fileEncoding = 4; lastKnownFileType = sourcecode.c.h; path = TFTapDetectingImageView.h; sourceTree = "<group>"; };
		B06A14981B904F850022BCE5 /* TFTapDetectingImageView.m */ = {isa = PBXFileReference; fileEncoding = 4; lastKnownFileType = sourcecode.c.objc; path = TFTapDetectingImageView.m; sourceTree = "<group>"; };
		B08D61BA1C224CBC00335903 /* TFAsset.h */ = {isa = PBXFileReference; fileEncoding = 4; lastKnownFileType = sourcecode.c.h; path = TFAsset.h; sourceTree = "<group>"; };
		B08D61BB1C224CBC00335903 /* TFAsset.m */ = {isa = PBXFileReference; fileEncoding = 4; lastKnownFileType = sourcecode.c.objc; path = TFAsset.m; sourceTree = "<group>"; };
		B08EDBF31BFC2ADB00DE1688 /* photo9.jpg */ = {isa = PBXFileReference; lastKnownFileType = image.jpeg; path = photo9.jpg; sourceTree = "<group>"; };
		B08EDBF41BFC2ADB00DE1688 /* photo9t.jpg */ = {isa = PBXFileReference; lastKnownFileType = image.jpeg; path = photo9t.jpg; sourceTree = "<group>"; };
		B093BCF31BFB44F900754A2D /* CoreMotion.framework */ = {isa = PBXFileReference; lastKnownFileType = wrapper.framework; name = CoreMotion.framework; path = System/Library/Frameworks/CoreMotion.framework; sourceTree = SDKROOT; };
		B093BCF51BFC1C2D00754A2D /* TFPhotoCaptionView.h */ = {isa = PBXFileReference; fileEncoding = 4; lastKnownFileType = sourcecode.c.h; path = TFPhotoCaptionView.h; sourceTree = "<group>"; };
		B093BCF61BFC1C2D00754A2D /* TFPhotoCaptionView.m */ = {isa = PBXFileReference; fileEncoding = 4; lastKnownFileType = sourcecode.c.objc; path = TFPhotoCaptionView.m; sourceTree = "<group>"; };
		B09C3C471C2015C9009C6CF0 /* TFLibraryViewController.h */ = {isa = PBXFileReference; fileEncoding = 4; lastKnownFileType = sourcecode.c.h; path = TFLibraryViewController.h; sourceTree = "<group>"; };
		B09C3C481C2015C9009C6CF0 /* TFLibraryViewController.m */ = {isa = PBXFileReference; fileEncoding = 4; lastKnownFileType = sourcecode.c.objc; path = TFLibraryViewController.m; sourceTree = "<group>"; };
		B0B30AF31C3A43E8000AA90B /* TFLibraryCollectionOverlayView.h */ = {isa = PBXFileReference; fileEncoding = 4; lastKnownFileType = sourcecode.c.h; path = TFLibraryCollectionOverlayView.h; sourceTree = "<group>"; };
		B0B30AF41C3A43E8000AA90B /* TFLibraryCollectionOverlayView.m */ = {isa = PBXFileReference; fileEncoding = 4; lastKnownFileType = sourcecode.c.objc; path = TFLibraryCollectionOverlayView.m; sourceTree = "<group>"; };
		B0B30AF81C3A551C000AA90B /* ALAssetRepresentation+TFMD5.h */ = {isa = PBXFileReference; fileEncoding = 4; lastKnownFileType = sourcecode.c.h; path = "ALAssetRepresentation+TFMD5.h"; sourceTree = "<group>"; };
		B0B30AF91C3A551C000AA90B /* ALAssetRepresentation+TFMD5.m */ = {isa = PBXFileReference; fileEncoding = 4; lastKnownFileType = sourcecode.c.objc; path = "ALAssetRepresentation+TFMD5.m"; sourceTree = "<group>"; };
		B0B30AFB1C3A68E7000AA90B /* TFCollectionOverlayProgressView.h */ = {isa = PBXFileReference; fileEncoding = 4; lastKnownFileType = sourcecode.c.h; path = TFCollectionOverlayProgressView.h; sourceTree = "<group>"; };
		B0B30AFC1C3A68E7000AA90B /* TFCollectionOverlayProgressView.m */ = {isa = PBXFileReference; fileEncoding = 4; lastKnownFileType = sourcecode.c.objc; path = TFCollectionOverlayProgressView.m; sourceTree = "<group>"; };
		B0C5D6C41C2D418300ADF607 /* zh-Hans */ = {isa = PBXFileReference; lastKnownFileType = text.plist.strings; name = "zh-Hans"; path = "zh-Hans.lproj/Main.strings"; sourceTree = "<group>"; };
		B0C5D6C51C2D418300ADF607 /* zh-Hans */ = {isa = PBXFileReference; lastKnownFileType = text.plist.strings; name = "zh-Hans"; path = "zh-Hans.lproj/LaunchScreen.strings"; sourceTree = "<group>"; };
		B0D8F83B1C730267000778EE /* TFCollectionsTitleButton.h */ = {isa = PBXFileReference; fileEncoding = 4; lastKnownFileType = sourcecode.c.h; path = TFCollectionsTitleButton.h; sourceTree = "<group>"; };
		B0D8F83C1C730267000778EE /* TFCollectionsTitleButton.m */ = {isa = PBXFileReference; fileEncoding = 4; lastKnownFileType = sourcecode.c.objc; path = TFCollectionsTitleButton.m; sourceTree = "<group>"; };
		B0D8F83F1C7306EC000778EE /* NSDate+TFFormattedDay.h */ = {isa = PBXFileReference; fileEncoding = 4; lastKnownFileType = sourcecode.c.h; path = "NSDate+TFFormattedDay.h"; sourceTree = "<group>"; };
		B0D8F8401C7306EC000778EE /* NSDate+TFFormattedDay.m */ = {isa = PBXFileReference; fileEncoding = 4; lastKnownFileType = sourcecode.c.objc; path = "NSDate+TFFormattedDay.m"; sourceTree = "<group>"; };
		B0D8F8421C730733000778EE /* PHCollection+TFThumbnail.h */ = {isa = PBXFileReference; fileEncoding = 4; lastKnownFileType = sourcecode.c.h; path = "PHCollection+TFThumbnail.h"; sourceTree = "<group>"; };
		B0D8F8431C730733000778EE /* PHCollection+TFThumbnail.m */ = {isa = PBXFileReference; fileEncoding = 4; lastKnownFileType = sourcecode.c.objc; path = "PHCollection+TFThumbnail.m"; sourceTree = "<group>"; };
		B0D8F8451C730809000778EE /* UIImage+TFAspectDraw.h */ = {isa = PBXFileReference; fileEncoding = 4; lastKnownFileType = sourcecode.c.h; path = "UIImage+TFAspectDraw.h"; sourceTree = "<group>"; };
		B0D8F8461C730809000778EE /* UIImage+TFAspectDraw.m */ = {isa = PBXFileReference; fileEncoding = 4; lastKnownFileType = sourcecode.c.objc; path = "UIImage+TFAspectDraw.m"; sourceTree = "<group>"; };
		B0D8F8481C73083B000778EE /* PHPhotoLibrary+TFBlockObservers.h */ = {isa = PBXFileReference; fileEncoding = 4; lastKnownFileType = sourcecode.c.h; path = "PHPhotoLibrary+TFBlockObservers.h"; sourceTree = "<group>"; };
		B0D8F8491C73083B000778EE /* PHPhotoLibrary+TFBlockObservers.m */ = {isa = PBXFileReference; fileEncoding = 4; lastKnownFileType = sourcecode.c.objc; path = "PHPhotoLibrary+TFBlockObservers.m"; sourceTree = "<group>"; };
		B0D8F84B1C7308E5000778EE /* PHImageManager+TFRequestImages.h */ = {isa = PBXFileReference; fileEncoding = 4; lastKnownFileType = sourcecode.c.h; path = "PHImageManager+TFRequestImages.h"; sourceTree = "<group>"; };
		B0D8F84C1C7308E5000778EE /* PHImageManager+TFRequestImages.m */ = {isa = PBXFileReference; fileEncoding = 4; lastKnownFileType = sourcecode.c.objc; path = "PHImageManager+TFRequestImages.m"; sourceTree = "<group>"; };
		B0D8F84F1C730C54000778EE /* TFAssetImageView.h */ = {isa = PBXFileReference; fileEncoding = 4; lastKnownFileType = sourcecode.c.h; path = TFAssetImageView.h; sourceTree = "<group>"; };
		B0D8F8501C730C54000778EE /* TFAssetImageView.m */ = {isa = PBXFileReference; fileEncoding = 4; lastKnownFileType = sourcecode.c.objc; path = TFAssetImageView.m; sourceTree = "<group>"; };
		B0D8F8521C730CD5000778EE /* TFPhotoBrowserBundle.h */ = {isa = PBXFileReference; fileEncoding = 4; lastKnownFileType = sourcecode.c.h; path = TFPhotoBrowserBundle.h; sourceTree = "<group>"; };
		B0D8F8531C730CD5000778EE /* TFPhotoBrowserBundle.m */ = {isa = PBXFileReference; fileEncoding = 4; lastKnownFileType = sourcecode.c.objc; path = TFPhotoBrowserBundle.m; sourceTree = "<group>"; };
		B0D8F8551C730E36000778EE /* TFAssetCell.h */ = {isa = PBXFileReference; fileEncoding = 4; lastKnownFileType = sourcecode.c.h; path = TFAssetCell.h; sourceTree = "<group>"; };
		B0D8F8561C730E36000778EE /* TFAssetCell.m */ = {isa = PBXFileReference; fileEncoding = 4; lastKnownFileType = sourcecode.c.objc; path = TFAssetCell.m; sourceTree = "<group>"; };
		B0D8F8581C7310C2000778EE /* TFCollectionCell.h */ = {isa = PBXFileReference; fileEncoding = 4; lastKnownFileType = sourcecode.c.h; path = TFCollectionCell.h; sourceTree = "<group>"; };
		B0D8F8591C7310C2000778EE /* TFCollectionCell.m */ = {isa = PBXFileReference; fileEncoding = 4; lastKnownFileType = sourcecode.c.objc; path = TFCollectionCell.m; sourceTree = "<group>"; };
		B0D8F85E1C731338000778EE /* TFMomentHeaderView.h */ = {isa = PBXFileReference; fileEncoding = 4; lastKnownFileType = sourcecode.c.h; path = TFMomentHeaderView.h; sourceTree = "<group>"; };
		B0D8F85F1C731338000778EE /* TFMomentHeaderView.m */ = {isa = PBXFileReference; fileEncoding = 4; lastKnownFileType = sourcecode.c.objc; path = TFMomentHeaderView.m; sourceTree = "<group>"; };
		B0D8F8611C731390000778EE /* TFImageZoomView.h */ = {isa = PBXFileReference; fileEncoding = 4; lastKnownFileType = sourcecode.c.h; path = TFImageZoomView.h; sourceTree = "<group>"; };
		B0D8F8621C731390000778EE /* TFImageZoomView.m */ = {isa = PBXFileReference; fileEncoding = 4; lastKnownFileType = sourcecode.c.objc; path = TFImageZoomView.m; sourceTree = "<group>"; };
		B0D8F8641C7313F4000778EE /* TFCollectionViewFloatingHeaderFlowLayout.h */ = {isa = PBXFileReference; fileEncoding = 4; lastKnownFileType = sourcecode.c.h; path = TFCollectionViewFloatingHeaderFlowLayout.h; sourceTree = "<group>"; };
		B0D8F8651C7313F4000778EE /* TFCollectionViewFloatingHeaderFlowLayout.m */ = {isa = PBXFileReference; fileEncoding = 4; lastKnownFileType = sourcecode.c.objc; path = TFCollectionViewFloatingHeaderFlowLayout.m; sourceTree = "<group>"; };
		B0D8F86A1C7314FF000778EE /* TFCollectionPickerController.h */ = {isa = PBXFileReference; fileEncoding = 4; lastKnownFileType = sourcecode.c.h; path = TFCollectionPickerController.h; sourceTree = "<group>"; };
		B0D8F86B1C7314FF000778EE /* TFCollectionPickerController.m */ = {isa = PBXFileReference; fileEncoding = 4; lastKnownFileType = sourcecode.c.objc; path = TFCollectionPickerController.m; sourceTree = "<group>"; };
		B0D8F86D1C731645000778EE /* TFImagePickerController.h */ = {isa = PBXFileReference; fileEncoding = 4; lastKnownFileType = sourcecode.c.h; path = TFImagePickerController.h; sourceTree = "<group>"; };
		B0D8F86E1C731645000778EE /* TFImagePickerController.m */ = {isa = PBXFileReference; fileEncoding = 4; lastKnownFileType = sourcecode.c.objc; path = TFImagePickerController.m; sourceTree = "<group>"; };
		B0D8F8701C73FCA8000778EE /* PHAsset+TFExpand.h */ = {isa = PBXFileReference; fileEncoding = 4; lastKnownFileType = sourcecode.c.h; path = "PHAsset+TFExpand.h"; sourceTree = "<group>"; };
		B0D8F8711C73FCA8000778EE /* PHAsset+TFExpand.m */ = {isa = PBXFileReference; fileEncoding = 4; lastKnownFileType = sourcecode.c.objc; path = "PHAsset+TFExpand.m"; sourceTree = "<group>"; };
		B0F80A251C3B5D05000DD3FE /* TFLibraryCameraCollectionViewCell.h */ = {isa = PBXFileReference; fileEncoding = 4; lastKnownFileType = sourcecode.c.h; path = TFLibraryCameraCollectionViewCell.h; sourceTree = "<group>"; };
		B0F80A261C3B5D05000DD3FE /* TFLibraryCameraCollectionViewCell.m */ = {isa = PBXFileReference; fileEncoding = 4; lastKnownFileType = sourcecode.c.objc; path = TFLibraryCameraCollectionViewCell.m; sourceTree = "<group>"; };
		B36250858EA58B0E345BDD17 /* libPods.a */ = {isa = PBXFileReference; explicitFileType = archive.ar; includeInIndex = 0; path = libPods.a; sourceTree = BUILT_PRODUCTS_DIR; };
		C4C5C6611CEEBBED00B94AD9 /* TFLibraryResource.bundle */ = {isa = PBXFileReference; lastKnownFileType = "wrapper.plug-in"; path = TFLibraryResource.bundle; sourceTree = "<group>"; };
		C4C5C6621CEEBBED00B94AD9 /* TFPhotoBrowserLocalizations.bundle */ = {isa = PBXFileReference; lastKnownFileType = "wrapper.plug-in"; path = TFPhotoBrowserLocalizations.bundle; sourceTree = "<group>"; };
		DED5ADB9B81503523C045BA3 /* Pods.debug.xcconfig */ = {isa = PBXFileReference; includeInIndex = 1; lastKnownFileType = text.xcconfig; name = Pods.debug.xcconfig; path = "Pods/Target Support Files/Pods/Pods.debug.xcconfig"; sourceTree = "<group>"; };
/* End PBXFileReference section */

/* Begin PBXFrameworksBuildPhase section */
		B06A14481B9039810022BCE5 /* Frameworks */ = {
			isa = PBXFrameworksBuildPhase;
			buildActionMask = 2147483647;
			files = (
				8C41AF58734CA1B0158BE728 /* libPods-TFPhotoBrowser.a in Frameworks */,
			);
			runOnlyForDeploymentPostprocessing = 0;
		};
		B06A14691B9039810022BCE5 /* Frameworks */ = {
			isa = PBXFrameworksBuildPhase;
			buildActionMask = 2147483647;
			files = (
			);
			runOnlyForDeploymentPostprocessing = 0;
		};
		B06A14741B9039810022BCE5 /* Frameworks */ = {
			isa = PBXFrameworksBuildPhase;
			buildActionMask = 2147483647;
			files = (
				B02CE3211C22D581005D6E62 /* PhotosUI.framework in Frameworks */,
				B02CE3161C22D2C7005D6E62 /* Photos.framework in Frameworks */,
				B093BCF41BFB44F900754A2D /* CoreMotion.framework in Frameworks */,
			);
			runOnlyForDeploymentPostprocessing = 0;
		};
/* End PBXFrameworksBuildPhase section */

/* Begin PBXGroup section */
		15CF0B1D8A77FA7E6BEC7645 /* Pods */ = {
			isa = PBXGroup;
			children = (
				DED5ADB9B81503523C045BA3 /* Pods.debug.xcconfig */,
				95A751D15D36FFE6F877EDD4 /* Pods.release.xcconfig */,
				859CC35BD75B1F91BC8BC98B /* Pods-TFPhotoBrowser.debug.xcconfig */,
				91A1E7DF8DF7A22129E3895A /* Pods-TFPhotoBrowser.release.xcconfig */,
			);
			name = Pods;
			sourceTree = "<group>";
		};
		6CF2BD521C6193C4009AF2C1 /* TFImageEditor */ = {
			isa = PBXGroup;
			children = (
				6CF2BD531C6193C4009AF2C1 /* TFImageCropViewController.h */,
				6CF2BD541C6193C4009AF2C1 /* TFImageCropViewController.m */,
				6CF2BD551C6193C4009AF2C1 /* TFImageEditorFrameView.h */,
				6CF2BD561C6193C4009AF2C1 /* TFImageEditorFrameView.m */,
			);
			path = TFImageEditor;
			sourceTree = "<group>";
		};
		B04C0B4C1BF5D3080012B7D8 /* Images */ = {
			isa = PBXGroup;
			children = (
				B04C0B4D1BF5D3080012B7D8 /* photo1.jpg */,
				B04C0B4E1BF5D3080012B7D8 /* photo1t.jpg */,
				B04C0B4F1BF5D3080012B7D8 /* photo2.jpg */,
				B04C0B501BF5D3080012B7D8 /* photo2t.jpg */,
				B04C0B511BF5D3080012B7D8 /* photo3.jpg */,
				B04C0B521BF5D3080012B7D8 /* photo3t.jpg */,
				B04C0B531BF5D3080012B7D8 /* photo4.jpg */,
				B04C0B541BF5D3080012B7D8 /* photo4t.jpg */,
				B04C0B551BF5D3080012B7D8 /* photo5.jpg */,
				B04C0B561BF5D3080012B7D8 /* photo5t.jpg */,
				B04C0B571BF5D3080012B7D8 /* photo6.jpg */,
				B04C0B581BF5D3080012B7D8 /* photo6t.jpg */,
				B04C0B591BF5D3080012B7D8 /* photo7.jpg */,
				B04C0B5A1BF5D3080012B7D8 /* photo7t.jpg */,
				B04C0B5B1BF5D3080012B7D8 /* photo8.jpg */,
				B04C0B5C1BF5D3080012B7D8 /* photo8t.jpg */,
				B08EDBF31BFC2ADB00DE1688 /* photo9.jpg */,
				B08EDBF41BFC2ADB00DE1688 /* photo9t.jpg */,
			);
			path = Images;
			sourceTree = "<group>";
		};
		B06A14421B9039810022BCE5 = {
			isa = PBXGroup;
			children = (
				B06A144D1B9039810022BCE5 /* TFPhotoBrowser */,
				B06A146F1B9039810022BCE5 /* TFPhotoBrowserTests */,
				B06A147A1B9039810022BCE5 /* TFPhotoBrowserUITests */,
				B06A144C1B9039810022BCE5 /* Products */,
				15CF0B1D8A77FA7E6BEC7645 /* Pods */,
				CED89CBE8042308A1B7DF0F6 /* Frameworks */,
			);
			sourceTree = "<group>";
		};
		B06A144C1B9039810022BCE5 /* Products */ = {
			isa = PBXGroup;
			children = (
				B06A144B1B9039810022BCE5 /* TFPhotoBrowser.app */,
				B06A146C1B9039810022BCE5 /* TFPhotoBrowserTests.xctest */,
				B06A14771B9039810022BCE5 /* TFPhotoBrowserUITests.xctest */,
			);
			name = Products;
			sourceTree = "<group>";
		};
		B06A144D1B9039810022BCE5 /* TFPhotoBrowser */ = {
			isa = PBXGroup;
			children = (
				B04C0B4C1BF5D3080012B7D8 /* Images */,
				B06A14891B903AEB0022BCE5 /* TFPhotoBrowser */,
				B06A14511B9039810022BCE5 /* AppDelegate.h */,
				B06A14521B9039810022BCE5 /* AppDelegate.m */,
				B06A145C1B9039810022BCE5 /* ViewController.h */,
				B06A145D1B9039810022BCE5 /* ViewController.m */,
				B06A145F1B9039810022BCE5 /* Main.storyboard */,
				B06A14621B9039810022BCE5 /* Assets.xcassets */,
				B06A14641B9039810022BCE5 /* LaunchScreen.storyboard */,
				B06A14671B9039810022BCE5 /* Info.plist */,
				B06A144E1B9039810022BCE5 /* Supporting Files */,
			);
			path = TFPhotoBrowser;
			sourceTree = "<group>";
		};
		B06A144E1B9039810022BCE5 /* Supporting Files */ = {
			isa = PBXGroup;
			children = (
				B06A144F1B9039810022BCE5 /* main.m */,
			);
			name = "Supporting Files";
			sourceTree = "<group>";
		};
		B06A146F1B9039810022BCE5 /* TFPhotoBrowserTests */ = {
			isa = PBXGroup;
			children = (
				B06A14701B9039810022BCE5 /* TFPhotoBrowserTests.m */,
				B06A14721B9039810022BCE5 /* Info.plist */,
			);
			path = TFPhotoBrowserTests;
			sourceTree = "<group>";
		};
		B06A147A1B9039810022BCE5 /* TFPhotoBrowserUITests */ = {
			isa = PBXGroup;
			children = (
				B06A147B1B9039810022BCE5 /* TFPhotoBrowserUITests.m */,
				B06A147D1B9039810022BCE5 /* Info.plist */,
			);
			path = TFPhotoBrowserUITests;
			sourceTree = "<group>";
		};
		B06A14891B903AEB0022BCE5 /* TFPhotoBrowser */ = {
			isa = PBXGroup;
			children = (
				3E878B6F1EF0CF8300C9C57C /* TFImageCropViewController.h */,
				3E878B701EF0CF8300C9C57C /* TFImageCropViewController.m */,
				C4C5C6601CEEBBED00B94AD9 /* Resources */,
				6CF2BD521C6193C4009AF2C1 /* TFImageEditor */,
				B06A14921B904AEE0022BCE5 /* TFPhotoBrowserConstants.h */,
				B06A14961B904B350022BCE5 /* TFPhotoProtocol.h */,
				B0D8F8521C730CD5000778EE /* TFPhotoBrowserBundle.h */,
				B0D8F8531C730CD5000778EE /* TFPhotoBrowserBundle.m */,
				B09C3C461C2015B3009C6CF0 /* TFLibrary */,
				B04C0B4B1BF5C05F0012B7D8 /* TFPhotoBrowserPrivate.h */,
				B06A148E1B903BA60022BCE5 /* TFPhotoBrowser.h */,
				B06A148F1B903BA60022BCE5 /* TFPhotoBrowser.m */,
				6CFD50381CA52453003586D5 /* TFPhotoTagView.h */,
				6CFD50391CA52453003586D5 /* TFPhotoTagView.m */,
				B06A14931B904B080022BCE5 /* TFPhoto.h */,
				B06A14941B904B080022BCE5 /* TFPhoto.m */,
				B06A14971B904F850022BCE5 /* TFTapDetectingImageView.h */,
				B06A14981B904F850022BCE5 /* TFTapDetectingImageView.m */,
				B0420DAF1B953376002CAF13 /* TFTapDetectingView.h */,
				B0420DB01B953376002CAF13 /* TFTapDetectingView.m */,
				B0420DB51B953FE2002CAF13 /* TFZoomingScrollView.h */,
				B0420DB61B953FE2002CAF13 /* TFZoomingScrollView.m */,
				B04C0B481BF5B8140012B7D8 /* UIImage+TFPhotoBrowser.h */,
				B04C0B491BF5B8140012B7D8 /* UIImage+TFPhotoBrowser.m */,
				B0689C211BF6DF6600C46CCA /* TFPhotoToolBar.h */,
				B0689C221BF6DF6600C46CCA /* TFPhotoToolBar.m */,
				B0689C261BF7081A00C46CCA /* UIScrollView+ScrollIndicator.h */,
				B0689C271BF7081A00C46CCA /* UIScrollView+ScrollIndicator.m */,
				B093BCF51BFC1C2D00754A2D /* TFPhotoCaptionView.h */,
				B093BCF61BFC1C2D00754A2D /* TFPhotoCaptionView.m */,
			);
			path = TFPhotoBrowser;
			sourceTree = "<group>";
		};
		B09C3C461C2015B3009C6CF0 /* TFLibrary */ = {
			isa = PBXGroup;
			children = (
				B0D8F84E1C730C41000778EE /* Views */,
				B0D8F83E1C7306B5000778EE /* Additions */,
				B09C3C471C2015C9009C6CF0 /* TFLibraryViewController.h */,
				B09C3C481C2015C9009C6CF0 /* TFLibraryViewController.m */,
				B0D8F86A1C7314FF000778EE /* TFCollectionPickerController.h */,
				B0D8F86B1C7314FF000778EE /* TFCollectionPickerController.m */,
				B0D8F86D1C731645000778EE /* TFImagePickerController.h */,
				B0D8F86E1C731645000778EE /* TFImagePickerController.m */,
				B02CE3171C22D443005D6E62 /* TFLibraryViewLayout.h */,
				B02CE3181C22D443005D6E62 /* TFLibraryViewLayout.m */,
				B02CE31D1C22D51E005D6E62 /* TFLibraryCollectionViewCell.h */,
				B02CE31E1C22D51E005D6E62 /* TFLibraryCollectionViewCell.m */,
				B08D61BA1C224CBC00335903 /* TFAsset.h */,
				B08D61BB1C224CBC00335903 /* TFAsset.m */,
				B02CE31A1C22D4C4005D6E62 /* NSIndexSet+TFLibrary.h */,
				B02CE31B1C22D4C4005D6E62 /* NSIndexSet+TFLibrary.m */,
				B02CE3221C22D5B0005D6E62 /* UICollectionView+TFLibrary.h */,
				B02CE3231C22D5B0005D6E62 /* UICollectionView+TFLibrary.m */,
				B0B30AF81C3A551C000AA90B /* ALAssetRepresentation+TFMD5.h */,
				B0B30AF91C3A551C000AA90B /* ALAssetRepresentation+TFMD5.m */,
				B0B30AF31C3A43E8000AA90B /* TFLibraryCollectionOverlayView.h */,
				B0B30AF41C3A43E8000AA90B /* TFLibraryCollectionOverlayView.m */,
				B0B30AFB1C3A68E7000AA90B /* TFCollectionOverlayProgressView.h */,
				B0B30AFC1C3A68E7000AA90B /* TFCollectionOverlayProgressView.m */,
				B0F80A251C3B5D05000DD3FE /* TFLibraryCameraCollectionViewCell.h */,
				B0F80A261C3B5D05000DD3FE /* TFLibraryCameraCollectionViewCell.m */,
				B0207AC81C3BABEC0055D0F3 /* TFiCloudDownloadHelper.h */,
				B0207AC91C3BABEC0055D0F3 /* TFiCloudDownloadHelper.m */,
			);
			path = TFLibrary;
			sourceTree = "<group>";
		};
		B0D8F83E1C7306B5000778EE /* Additions */ = {
			isa = PBXGroup;
			children = (
				B0D8F83F1C7306EC000778EE /* NSDate+TFFormattedDay.h */,
				B0D8F8401C7306EC000778EE /* NSDate+TFFormattedDay.m */,
				B0D8F8421C730733000778EE /* PHCollection+TFThumbnail.h */,
				B0D8F8431C730733000778EE /* PHCollection+TFThumbnail.m */,
				B0D8F8451C730809000778EE /* UIImage+TFAspectDraw.h */,
				B0D8F8461C730809000778EE /* UIImage+TFAspectDraw.m */,
				B0D8F8481C73083B000778EE /* PHPhotoLibrary+TFBlockObservers.h */,
				B0D8F8491C73083B000778EE /* PHPhotoLibrary+TFBlockObservers.m */,
				B0D8F84B1C7308E5000778EE /* PHImageManager+TFRequestImages.h */,
				B0D8F84C1C7308E5000778EE /* PHImageManager+TFRequestImages.m */,
				B0D8F8701C73FCA8000778EE /* PHAsset+TFExpand.h */,
				B0D8F8711C73FCA8000778EE /* PHAsset+TFExpand.m */,
			);
			name = Additions;
			sourceTree = "<group>";
		};
		B0D8F84E1C730C41000778EE /* Views */ = {
			isa = PBXGroup;
			children = (
				6502B2B11D8846C3000EC298 /* RMDisplayLabel.h */,
				6502B2B21D8846C3000EC298 /* RMDisplayLabel.m */,
				6502B2B31D8846C3000EC298 /* RMDownloadIndicator.h */,
				6502B2B41D8846C3000EC298 /* RMDownloadIndicator.m */,
				B0D8F84F1C730C54000778EE /* TFAssetImageView.h */,
				B0D8F8501C730C54000778EE /* TFAssetImageView.m */,
				B0D8F8551C730E36000778EE /* TFAssetCell.h */,
				B0D8F8561C730E36000778EE /* TFAssetCell.m */,
				B0D8F8581C7310C2000778EE /* TFCollectionCell.h */,
				B0D8F8591C7310C2000778EE /* TFCollectionCell.m */,
				B0D8F85E1C731338000778EE /* TFMomentHeaderView.h */,
				B0D8F85F1C731338000778EE /* TFMomentHeaderView.m */,
				B0D8F8611C731390000778EE /* TFImageZoomView.h */,
				B0D8F8621C731390000778EE /* TFImageZoomView.m */,
				B0D8F83B1C730267000778EE /* TFCollectionsTitleButton.h */,
				B0D8F83C1C730267000778EE /* TFCollectionsTitleButton.m */,
				B0D8F8641C7313F4000778EE /* TFCollectionViewFloatingHeaderFlowLayout.h */,
				B0D8F8651C7313F4000778EE /* TFCollectionViewFloatingHeaderFlowLayout.m */,
			);
			name = Views;
			sourceTree = "<group>";
		};
		C4C5C6601CEEBBED00B94AD9 /* Resources */ = {
			isa = PBXGroup;
			children = (
				C4C5C6611CEEBBED00B94AD9 /* TFLibraryResource.bundle */,
				C4C5C6621CEEBBED00B94AD9 /* TFPhotoBrowserLocalizations.bundle */,
			);
			path = Resources;
			sourceTree = "<group>";
		};
		CED89CBE8042308A1B7DF0F6 /* Frameworks */ = {
			isa = PBXGroup;
			children = (
				B02CE3201C22D581005D6E62 /* PhotosUI.framework */,
				B02CE3151C22D2C7005D6E62 /* Photos.framework */,
				B093BCF31BFB44F900754A2D /* CoreMotion.framework */,
				B36250858EA58B0E345BDD17 /* libPods.a */,
				94C26468935C4A9A47088DA7 /* libPods-TFPhotoBrowser.a */,
			);
			name = Frameworks;
			sourceTree = "<group>";
		};
/* End PBXGroup section */

/* Begin PBXNativeTarget section */
		B06A144A1B9039810022BCE5 /* TFPhotoBrowser */ = {
			isa = PBXNativeTarget;
			buildConfigurationList = B06A14801B9039810022BCE5 /* Build configuration list for PBXNativeTarget "TFPhotoBrowser" */;
			buildPhases = (
				AF18F4BB30779909C5C777BA /* [CP] Check Pods Manifest.lock */,
				B06A14471B9039810022BCE5 /* Sources */,
				B06A14481B9039810022BCE5 /* Frameworks */,
				B06A14491B9039810022BCE5 /* Resources */,
				31321B1550C9FA4B8774889F /* [CP] Copy Pods Resources */,
				79A6A7CC220B4A6659079531 /* [CP] Embed Pods Frameworks */,
			);
			buildRules = (
			);
			dependencies = (
			);
			name = TFPhotoBrowser;
			productName = TFPhotoBrowser;
			productReference = B06A144B1B9039810022BCE5 /* TFPhotoBrowser.app */;
			productType = "com.apple.product-type.application";
		};
		B06A146B1B9039810022BCE5 /* TFPhotoBrowserTests */ = {
			isa = PBXNativeTarget;
			buildConfigurationList = B06A14831B9039810022BCE5 /* Build configuration list for PBXNativeTarget "TFPhotoBrowserTests" */;
			buildPhases = (
				B06A14681B9039810022BCE5 /* Sources */,
				B06A14691B9039810022BCE5 /* Frameworks */,
				B06A146A1B9039810022BCE5 /* Resources */,
			);
			buildRules = (
			);
			dependencies = (
				B06A146E1B9039810022BCE5 /* PBXTargetDependency */,
			);
			name = TFPhotoBrowserTests;
			productName = TFPhotoBrowserTests;
			productReference = B06A146C1B9039810022BCE5 /* TFPhotoBrowserTests.xctest */;
			productType = "com.apple.product-type.bundle.unit-test";
		};
		B06A14761B9039810022BCE5 /* TFPhotoBrowserUITests */ = {
			isa = PBXNativeTarget;
			buildConfigurationList = B06A14861B9039810022BCE5 /* Build configuration list for PBXNativeTarget "TFPhotoBrowserUITests" */;
			buildPhases = (
				B06A14731B9039810022BCE5 /* Sources */,
				B06A14741B9039810022BCE5 /* Frameworks */,
				B06A14751B9039810022BCE5 /* Resources */,
			);
			buildRules = (
			);
			dependencies = (
				B06A14791B9039810022BCE5 /* PBXTargetDependency */,
			);
			name = TFPhotoBrowserUITests;
			productName = TFPhotoBrowserUITests;
			productReference = B06A14771B9039810022BCE5 /* TFPhotoBrowserUITests.xctest */;
			productType = "com.apple.product-type.bundle.ui-testing";
		};
/* End PBXNativeTarget section */

/* Begin PBXProject section */
		B06A14431B9039810022BCE5 /* Project object */ = {
			isa = PBXProject;
			attributes = {
				LastUpgradeCheck = 1000;
				ORGANIZATIONNAME = TimeFace;
				TargetAttributes = {
					B06A144A1B9039810022BCE5 = {
						CreatedOnToolsVersion = 7.0;
						DevelopmentTeam = 9LA25E73B7;
						ProvisioningStyle = Manual;
					};
					B06A146B1B9039810022BCE5 = {
						CreatedOnToolsVersion = 7.0;
						TestTargetID = B06A144A1B9039810022BCE5;
					};
					B06A14761B9039810022BCE5 = {
						CreatedOnToolsVersion = 7.0;
						TestTargetID = B06A144A1B9039810022BCE5;
					};
				};
			};
			buildConfigurationList = B06A14461B9039810022BCE5 /* Build configuration list for PBXProject "TFPhotoBrowser" */;
			compatibilityVersion = "Xcode 3.2";
			developmentRegion = English;
			hasScannedForEncodings = 0;
			knownRegions = (
				en,
				Base,
				"zh-Hans",
			);
			mainGroup = B06A14421B9039810022BCE5;
			productRefGroup = B06A144C1B9039810022BCE5 /* Products */;
			projectDirPath = "";
			projectRoot = "";
			targets = (
				B06A144A1B9039810022BCE5 /* TFPhotoBrowser */,
				B06A146B1B9039810022BCE5 /* TFPhotoBrowserTests */,
				B06A14761B9039810022BCE5 /* TFPhotoBrowserUITests */,
			);
		};
/* End PBXProject section */

/* Begin PBXResourcesBuildPhase section */
		B06A14491B9039810022BCE5 /* Resources */ = {
			isa = PBXResourcesBuildPhase;
			buildActionMask = 2147483647;
			files = (
				B08EDBF51BFC2ADB00DE1688 /* photo9.jpg in Resources */,
				B04C0B5D1BF5D3080012B7D8 /* photo1.jpg in Resources */,
				B04C0B6B1BF5D3080012B7D8 /* photo8.jpg in Resources */,
				C4C5C6641CEEBBED00B94AD9 /* TFPhotoBrowserLocalizations.bundle in Resources */,
				B04C0B5F1BF5D3080012B7D8 /* photo2.jpg in Resources */,
				B06A14661B9039810022BCE5 /* LaunchScreen.storyboard in Resources */,
				B06A14631B9039810022BCE5 /* Assets.xcassets in Resources */,
				B08EDBF61BFC2ADB00DE1688 /* photo9t.jpg in Resources */,
				B04C0B651BF5D3080012B7D8 /* photo5.jpg in Resources */,
				B04C0B671BF5D3080012B7D8 /* photo6.jpg in Resources */,
				C4C5C6631CEEBBED00B94AD9 /* TFLibraryResource.bundle in Resources */,
				B04C0B661BF5D3080012B7D8 /* photo5t.jpg in Resources */,
				B06A14611B9039810022BCE5 /* Main.storyboard in Resources */,
				B04C0B631BF5D3080012B7D8 /* photo4.jpg in Resources */,
				B04C0B6C1BF5D3080012B7D8 /* photo8t.jpg in Resources */,
				B04C0B6A1BF5D3080012B7D8 /* photo7t.jpg in Resources */,
				B04C0B681BF5D3080012B7D8 /* photo6t.jpg in Resources */,
				B04C0B691BF5D3080012B7D8 /* photo7.jpg in Resources */,
				B04C0B5E1BF5D3080012B7D8 /* photo1t.jpg in Resources */,
				B04C0B641BF5D3080012B7D8 /* photo4t.jpg in Resources */,
				B04C0B621BF5D3080012B7D8 /* photo3t.jpg in Resources */,
				B04C0B611BF5D3080012B7D8 /* photo3.jpg in Resources */,
				B04C0B601BF5D3080012B7D8 /* photo2t.jpg in Resources */,
			);
			runOnlyForDeploymentPostprocessing = 0;
		};
		B06A146A1B9039810022BCE5 /* Resources */ = {
			isa = PBXResourcesBuildPhase;
			buildActionMask = 2147483647;
			files = (
			);
			runOnlyForDeploymentPostprocessing = 0;
		};
		B06A14751B9039810022BCE5 /* Resources */ = {
			isa = PBXResourcesBuildPhase;
			buildActionMask = 2147483647;
			files = (
			);
			runOnlyForDeploymentPostprocessing = 0;
		};
/* End PBXResourcesBuildPhase section */

/* Begin PBXShellScriptBuildPhase section */
		31321B1550C9FA4B8774889F /* [CP] Copy Pods Resources */ = {
			isa = PBXShellScriptBuildPhase;
			buildActionMask = 2147483647;
			files = (
			);
			inputPaths = (
			);
			name = "[CP] Copy Pods Resources";
			outputPaths = (
			);
			runOnlyForDeploymentPostprocessing = 0;
			shellPath = /bin/sh;
			shellScript = "\"${SRCROOT}/Pods/Target Support Files/Pods-TFPhotoBrowser/Pods-TFPhotoBrowser-resources.sh\"\n";
			showEnvVarsInLog = 0;
		};
		79A6A7CC220B4A6659079531 /* [CP] Embed Pods Frameworks */ = {
			isa = PBXShellScriptBuildPhase;
			buildActionMask = 2147483647;
			files = (
			);
			inputPaths = (
			);
			name = "[CP] Embed Pods Frameworks";
			outputPaths = (
			);
			runOnlyForDeploymentPostprocessing = 0;
			shellPath = /bin/sh;
			shellScript = "\"${SRCROOT}/Pods/Target Support Files/Pods-TFPhotoBrowser/Pods-TFPhotoBrowser-frameworks.sh\"\n";
			showEnvVarsInLog = 0;
		};
		AF18F4BB30779909C5C777BA /* [CP] Check Pods Manifest.lock */ = {
			isa = PBXShellScriptBuildPhase;
			buildActionMask = 2147483647;
			files = (
			);
			inputPaths = (
			);
			name = "[CP] Check Pods Manifest.lock";
			outputPaths = (
			);
			runOnlyForDeploymentPostprocessing = 0;
			shellPath = /bin/sh;
			shellScript = "diff \"${PODS_PODFILE_DIR_PATH}/Podfile.lock\" \"${PODS_ROOT}/Manifest.lock\" > /dev/null\nif [ $? != 0 ] ; then\n    # print error to STDERR\n    echo \"error: The sandbox is not in sync with the Podfile.lock. Run 'pod install' or update your CocoaPods installation.\" >&2\n    exit 1\nfi\n";
			showEnvVarsInLog = 0;
		};
/* End PBXShellScriptBuildPhase section */

/* Begin PBXSourcesBuildPhase section */
		B06A14471B9039810022BCE5 /* Sources */ = {
			isa = PBXSourcesBuildPhase;
			buildActionMask = 2147483647;
			files = (
				B02CE31C1C22D4C4005D6E62 /* NSIndexSet+TFLibrary.m in Sources */,
				B0D8F8541C730CD5000778EE /* TFPhotoBrowserBundle.m in Sources */,
				B0D8F8661C7313F4000778EE /* TFCollectionViewFloatingHeaderFlowLayout.m in Sources */,
				B0D8F8471C730809000778EE /* UIImage+TFAspectDraw.m in Sources */,
				6502B2B61D8846C3000EC298 /* RMDownloadIndicator.m in Sources */,
				B0207ACA1C3BABEC0055D0F3 /* TFiCloudDownloadHelper.m in Sources */,
				B0D8F86F1C731645000778EE /* TFImagePickerController.m in Sources */,
				B0D8F83D1C730267000778EE /* TFCollectionsTitleButton.m in Sources */,
				B06A14991B904F850022BCE5 /* TFTapDetectingImageView.m in Sources */,
				B0D8F8601C731338000778EE /* TFMomentHeaderView.m in Sources */,
				B0D8F8511C730C54000778EE /* TFAssetImageView.m in Sources */,
				B093BCF71BFC1C2D00754A2D /* TFPhotoCaptionView.m in Sources */,
				B0B30AFD1C3A68E7000AA90B /* TFCollectionOverlayProgressView.m in Sources */,
				B0D8F8411C7306EC000778EE /* NSDate+TFFormattedDay.m in Sources */,
				B0420DB71B953FE2002CAF13 /* TFZoomingScrollView.m in Sources */,
				B0B30AF51C3A43E8000AA90B /* TFLibraryCollectionOverlayView.m in Sources */,
				6502B2B51D8846C3000EC298 /* RMDisplayLabel.m in Sources */,
				B06A145E1B9039810022BCE5 /* ViewController.m in Sources */,
				B06A14531B9039810022BCE5 /* AppDelegate.m in Sources */,
				B02CE3241C22D5B0005D6E62 /* UICollectionView+TFLibrary.m in Sources */,
				B0D8F84A1C73083B000778EE /* PHPhotoLibrary+TFBlockObservers.m in Sources */,
				6CFD503A1CA52453003586D5 /* TFPhotoTagView.m in Sources */,
				B0689C281BF7081A00C46CCA /* UIScrollView+ScrollIndicator.m in Sources */,
				B06A14501B9039810022BCE5 /* main.m in Sources */,
				B06A14901B903BA60022BCE5 /* TFPhotoBrowser.m in Sources */,
				B0D8F8571C730E36000778EE /* TFAssetCell.m in Sources */,
				B04C0B4A1BF5B8140012B7D8 /* UIImage+TFPhotoBrowser.m in Sources */,
				B0D8F8721C73FCA8000778EE /* PHAsset+TFExpand.m in Sources */,
				B0D8F8441C730733000778EE /* PHCollection+TFThumbnail.m in Sources */,
				B0689C231BF6DF6600C46CCA /* TFPhotoToolBar.m in Sources */,
				B02CE31F1C22D51E005D6E62 /* TFLibraryCollectionViewCell.m in Sources */,
				B06A14951B904B080022BCE5 /* TFPhoto.m in Sources */,
				B09C3C491C2015C9009C6CF0 /* TFLibraryViewController.m in Sources */,
				B0D8F8631C731390000778EE /* TFImageZoomView.m in Sources */,
				B08D61BC1C224CBC00335903 /* TFAsset.m in Sources */,
				B0D8F84D1C7308E5000778EE /* PHImageManager+TFRequestImages.m in Sources */,
				B02CE3191C22D443005D6E62 /* TFLibraryViewLayout.m in Sources */,
				3E878B731EF0CF8300C9C57C /* TFImageCropViewController.m in Sources */,
				B0420DB11B953376002CAF13 /* TFTapDetectingView.m in Sources */,
				B0B30AFA1C3A551C000AA90B /* ALAssetRepresentation+TFMD5.m in Sources */,
				B0D8F85A1C7310C2000778EE /* TFCollectionCell.m in Sources */,
				B0D8F86C1C7314FF000778EE /* TFCollectionPickerController.m in Sources */,
				B0F80A271C3B5D05000DD3FE /* TFLibraryCameraCollectionViewCell.m in Sources */,
			);
			runOnlyForDeploymentPostprocessing = 0;
		};
		B06A14681B9039810022BCE5 /* Sources */ = {
			isa = PBXSourcesBuildPhase;
			buildActionMask = 2147483647;
			files = (
				B06A14711B9039810022BCE5 /* TFPhotoBrowserTests.m in Sources */,
			);
			runOnlyForDeploymentPostprocessing = 0;
		};
		B06A14731B9039810022BCE5 /* Sources */ = {
			isa = PBXSourcesBuildPhase;
			buildActionMask = 2147483647;
			files = (
				B06A147C1B9039810022BCE5 /* TFPhotoBrowserUITests.m in Sources */,
			);
			runOnlyForDeploymentPostprocessing = 0;
		};
/* End PBXSourcesBuildPhase section */

/* Begin PBXTargetDependency section */
		B06A146E1B9039810022BCE5 /* PBXTargetDependency */ = {
			isa = PBXTargetDependency;
			target = B06A144A1B9039810022BCE5 /* TFPhotoBrowser */;
			targetProxy = B06A146D1B9039810022BCE5 /* PBXContainerItemProxy */;
		};
		B06A14791B9039810022BCE5 /* PBXTargetDependency */ = {
			isa = PBXTargetDependency;
			target = B06A144A1B9039810022BCE5 /* TFPhotoBrowser */;
			targetProxy = B06A14781B9039810022BCE5 /* PBXContainerItemProxy */;
		};
/* End PBXTargetDependency section */

/* Begin PBXVariantGroup section */
		B06A145F1B9039810022BCE5 /* Main.storyboard */ = {
			isa = PBXVariantGroup;
			children = (
				B06A14601B9039810022BCE5 /* Base */,
				B0C5D6C41C2D418300ADF607 /* zh-Hans */,
			);
			name = Main.storyboard;
			sourceTree = "<group>";
		};
		B06A14641B9039810022BCE5 /* LaunchScreen.storyboard */ = {
			isa = PBXVariantGroup;
			children = (
				B06A14651B9039810022BCE5 /* Base */,
				B0C5D6C51C2D418300ADF607 /* zh-Hans */,
			);
			name = LaunchScreen.storyboard;
			sourceTree = "<group>";
		};
/* End PBXVariantGroup section */

/* Begin XCBuildConfiguration section */
		B06A147E1B9039810022BCE5 /* Debug */ = {
			isa = XCBuildConfiguration;
			buildSettings = {
				ALWAYS_SEARCH_USER_PATHS = NO;
				CLANG_ANALYZER_LOCALIZABILITY_NONLOCALIZED = YES;
				CLANG_CXX_LANGUAGE_STANDARD = "gnu++0x";
				CLANG_CXX_LIBRARY = "libc++";
				CLANG_ENABLE_MODULES = YES;
				CLANG_ENABLE_OBJC_ARC = YES;
				CLANG_WARN_BLOCK_CAPTURE_AUTORELEASING = YES;
				CLANG_WARN_BOOL_CONVERSION = YES;
				CLANG_WARN_COMMA = YES;
				CLANG_WARN_CONSTANT_CONVERSION = YES;
				CLANG_WARN_DEPRECATED_OBJC_IMPLEMENTATIONS = YES;
				CLANG_WARN_DIRECT_OBJC_ISA_USAGE = YES_ERROR;
				CLANG_WARN_EMPTY_BODY = YES;
				CLANG_WARN_ENUM_CONVERSION = YES;
				CLANG_WARN_INFINITE_RECURSION = YES;
				CLANG_WARN_INT_CONVERSION = YES;
				CLANG_WARN_NON_LITERAL_NULL_CONVERSION = YES;
				CLANG_WARN_OBJC_IMPLICIT_RETAIN_SELF = YES;
				CLANG_WARN_OBJC_LITERAL_CONVERSION = YES;
				CLANG_WARN_OBJC_ROOT_CLASS = YES_ERROR;
				CLANG_WARN_RANGE_LOOP_ANALYSIS = YES;
				CLANG_WARN_STRICT_PROTOTYPES = YES;
				CLANG_WARN_SUSPICIOUS_MOVE = YES;
				CLANG_WARN_UNREACHABLE_CODE = YES;
				CLANG_WARN__DUPLICATE_METHOD_MATCH = YES;
				"CODE_SIGN_IDENTITY[sdk=iphoneos*]" = "iPhone Developer";
				COPY_PHASE_STRIP = NO;
				DEBUG_INFORMATION_FORMAT = dwarf;
				ENABLE_STRICT_OBJC_MSGSEND = YES;
				ENABLE_TESTABILITY = YES;
				GCC_C_LANGUAGE_STANDARD = gnu99;
				GCC_DYNAMIC_NO_PIC = NO;
				GCC_NO_COMMON_BLOCKS = YES;
				GCC_OPTIMIZATION_LEVEL = 0;
				GCC_PREPROCESSOR_DEFINITIONS = (
					"DEBUG=1",
					"$(inherited)",
				);
				GCC_WARN_64_TO_32_BIT_CONVERSION = YES;
				GCC_WARN_ABOUT_RETURN_TYPE = YES_ERROR;
				GCC_WARN_UNDECLARED_SELECTOR = YES;
				GCC_WARN_UNINITIALIZED_AUTOS = YES_AGGRESSIVE;
				GCC_WARN_UNUSED_FUNCTION = YES;
				GCC_WARN_UNUSED_VARIABLE = YES;
				IPHONEOS_DEPLOYMENT_TARGET = 9.0;
				MTL_ENABLE_DEBUG_INFO = YES;
				ONLY_ACTIVE_ARCH = YES;
				SDKROOT = iphoneos;
			};
			name = Debug;
		};
		B06A147F1B9039810022BCE5 /* Release */ = {
			isa = XCBuildConfiguration;
			buildSettings = {
				ALWAYS_SEARCH_USER_PATHS = NO;
				CLANG_ANALYZER_LOCALIZABILITY_NONLOCALIZED = YES;
				CLANG_CXX_LANGUAGE_STANDARD = "gnu++0x";
				CLANG_CXX_LIBRARY = "libc++";
				CLANG_ENABLE_MODULES = YES;
				CLANG_ENABLE_OBJC_ARC = YES;
				CLANG_WARN_BLOCK_CAPTURE_AUTORELEASING = YES;
				CLANG_WARN_BOOL_CONVERSION = YES;
				CLANG_WARN_COMMA = YES;
				CLANG_WARN_CONSTANT_CONVERSION = YES;
				CLANG_WARN_DEPRECATED_OBJC_IMPLEMENTATIONS = YES;
				CLANG_WARN_DIRECT_OBJC_ISA_USAGE = YES_ERROR;
				CLANG_WARN_EMPTY_BODY = YES;
				CLANG_WARN_ENUM_CONVERSION = YES;
				CLANG_WARN_INFINITE_RECURSION = YES;
				CLANG_WARN_INT_CONVERSION = YES;
				CLANG_WARN_NON_LITERAL_NULL_CONVERSION = YES;
				CLANG_WARN_OBJC_IMPLICIT_RETAIN_SELF = YES;
				CLANG_WARN_OBJC_LITERAL_CONVERSION = YES;
				CLANG_WARN_OBJC_ROOT_CLASS = YES_ERROR;
				CLANG_WARN_RANGE_LOOP_ANALYSIS = YES;
				CLANG_WARN_STRICT_PROTOTYPES = YES;
				CLANG_WARN_SUSPICIOUS_MOVE = YES;
				CLANG_WARN_UNREACHABLE_CODE = YES;
				CLANG_WARN__DUPLICATE_METHOD_MATCH = YES;
				"CODE_SIGN_IDENTITY[sdk=iphoneos*]" = "iPhone Developer";
				COPY_PHASE_STRIP = NO;
				DEBUG_INFORMATION_FORMAT = "dwarf-with-dsym";
				ENABLE_NS_ASSERTIONS = NO;
				ENABLE_STRICT_OBJC_MSGSEND = YES;
				GCC_C_LANGUAGE_STANDARD = gnu99;
				GCC_NO_COMMON_BLOCKS = YES;
				GCC_WARN_64_TO_32_BIT_CONVERSION = YES;
				GCC_WARN_ABOUT_RETURN_TYPE = YES_ERROR;
				GCC_WARN_UNDECLARED_SELECTOR = YES;
				GCC_WARN_UNINITIALIZED_AUTOS = YES_AGGRESSIVE;
				GCC_WARN_UNUSED_FUNCTION = YES;
				GCC_WARN_UNUSED_VARIABLE = YES;
				IPHONEOS_DEPLOYMENT_TARGET = 9.0;
				MTL_ENABLE_DEBUG_INFO = NO;
				SDKROOT = iphoneos;
				VALIDATE_PRODUCT = YES;
			};
			name = Release;
		};
		B06A14811B9039810022BCE5 /* Debug */ = {
			isa = XCBuildConfiguration;
			baseConfigurationReference = 859CC35BD75B1F91BC8BC98B /* Pods-TFPhotoBrowser.debug.xcconfig */;
			buildSettings = {
				ASSETCATALOG_COMPILER_APPICON_NAME = AppIcon;
				ASSETCATALOG_COMPILER_LAUNCHIMAGE_NAME = LaunchImage;
				CODE_SIGN_IDENTITY = "iPhone Developer";
				DEVELOPMENT_TEAM = 9LA25E73B7;
				INFOPLIST_FILE = TFPhotoBrowser/Info.plist;
				LD_RUNPATH_SEARCH_PATHS = "$(inherited) @executable_path/Frameworks";
				PRODUCT_BUNDLE_IDENTIFIER = cn.timeface.test.ios;
				PRODUCT_NAME = "$(TARGET_NAME)";
				PROVISIONING_PROFILE = "81251f35-a9d9-4e40-afff-7d0e50f1dad9";
				PROVISIONING_PROFILE_SPECIFIER = TimeFaceDevelopmentProfile;
			};
			name = Debug;
		};
		B06A14821B9039810022BCE5 /* Release */ = {
			isa = XCBuildConfiguration;
			baseConfigurationReference = 91A1E7DF8DF7A22129E3895A /* Pods-TFPhotoBrowser.release.xcconfig */;
			buildSettings = {
				ASSETCATALOG_COMPILER_APPICON_NAME = AppIcon;
				ASSETCATALOG_COMPILER_LAUNCHIMAGE_NAME = LaunchImage;
				CODE_SIGN_IDENTITY = "iPhone Developer";
				DEVELOPMENT_TEAM = "";
				INFOPLIST_FILE = TFPhotoBrowser/Info.plist;
				LD_RUNPATH_SEARCH_PATHS = "$(inherited) @executable_path/Frameworks";
				PRODUCT_BUNDLE_IDENTIFIER = cn.timeface.test.ios;
				PRODUCT_NAME = "$(TARGET_NAME)";
				PROVISIONING_PROFILE_SPECIFIER = "";
			};
			name = Release;
		};
		B06A14841B9039810022BCE5 /* Debug */ = {
			isa = XCBuildConfiguration;
			buildSettings = {
				BUNDLE_LOADER = "$(TEST_HOST)";
				INFOPLIST_FILE = TFPhotoBrowserTests/Info.plist;
				LD_RUNPATH_SEARCH_PATHS = "$(inherited) @executable_path/Frameworks @loader_path/Frameworks";
				PRODUCT_BUNDLE_IDENTIFIER = cn.timeface.base.TFPhotoBrowserTests;
				PRODUCT_NAME = "$(TARGET_NAME)";
				TEST_HOST = "$(BUILT_PRODUCTS_DIR)/TFPhotoBrowser.app/TFPhotoBrowser";
			};
			name = Debug;
		};
		B06A14851B9039810022BCE5 /* Release */ = {
			isa = XCBuildConfiguration;
			buildSettings = {
				BUNDLE_LOADER = "$(TEST_HOST)";
				INFOPLIST_FILE = TFPhotoBrowserTests/Info.plist;
				LD_RUNPATH_SEARCH_PATHS = "$(inherited) @executable_path/Frameworks @loader_path/Frameworks";
				PRODUCT_BUNDLE_IDENTIFIER = cn.timeface.base.TFPhotoBrowserTests;
				PRODUCT_NAME = "$(TARGET_NAME)";
				TEST_HOST = "$(BUILT_PRODUCTS_DIR)/TFPhotoBrowser.app/TFPhotoBrowser";
			};
			name = Release;
		};
		B06A14871B9039810022BCE5 /* Debug */ = {
			isa = XCBuildConfiguration;
			buildSettings = {
				INFOPLIST_FILE = TFPhotoBrowserUITests/Info.plist;
				LD_RUNPATH_SEARCH_PATHS = "$(inherited) @executable_path/Frameworks @loader_path/Frameworks";
				PRODUCT_BUNDLE_IDENTIFIER = cn.timeface.base.TFPhotoBrowserUITests;
				PRODUCT_NAME = "$(TARGET_NAME)";
				TEST_TARGET_NAME = TFPhotoBrowser;
				USES_XCTRUNNER = YES;
			};
			name = Debug;
		};
		B06A14881B9039810022BCE5 /* Release */ = {
			isa = XCBuildConfiguration;
			buildSettings = {
				INFOPLIST_FILE = TFPhotoBrowserUITests/Info.plist;
				LD_RUNPATH_SEARCH_PATHS = "$(inherited) @executable_path/Frameworks @loader_path/Frameworks";
				PRODUCT_BUNDLE_IDENTIFIER = cn.timeface.base.TFPhotoBrowserUITests;
				PRODUCT_NAME = "$(TARGET_NAME)";
				TEST_TARGET_NAME = TFPhotoBrowser;
				USES_XCTRUNNER = YES;
			};
			name = Release;
		};
/* End XCBuildConfiguration section */

/* Begin XCConfigurationList section */
		B06A14461B9039810022BCE5 /* Build configuration list for PBXProject "TFPhotoBrowser" */ = {
			isa = XCConfigurationList;
			buildConfigurations = (
				B06A147E1B9039810022BCE5 /* Debug */,
				B06A147F1B9039810022BCE5 /* Release */,
			);
			defaultConfigurationIsVisible = 0;
			defaultConfigurationName = Release;
		};
		B06A14801B9039810022BCE5 /* Build configuration list for PBXNativeTarget "TFPhotoBrowser" */ = {
			isa = XCConfigurationList;
			buildConfigurations = (
				B06A14811B9039810022BCE5 /* Debug */,
				B06A14821B9039810022BCE5 /* Release */,
			);
			defaultConfigurationIsVisible = 0;
			defaultConfigurationName = Release;
		};
		B06A14831B9039810022BCE5 /* Build configuration list for PBXNativeTarget "TFPhotoBrowserTests" */ = {
			isa = XCConfigurationList;
			buildConfigurations = (
				B06A14841B9039810022BCE5 /* Debug */,
				B06A14851B9039810022BCE5 /* Release */,
			);
			defaultConfigurationIsVisible = 0;
			defaultConfigurationName = Release;
		};
		B06A14861B9039810022BCE5 /* Build configuration list for PBXNativeTarget "TFPhotoBrowserUITests" */ = {
			isa = XCConfigurationList;
			buildConfigurations = (
				B06A14871B9039810022BCE5 /* Debug */,
				B06A14881B9039810022BCE5 /* Release */,
			);
			defaultConfigurationIsVisible = 0;
			defaultConfigurationName = Release;
		};
/* End XCConfigurationList section */
	};
	rootObject = B06A14431B9039810022BCE5 /* Project object */;
}
